
Microsoft Visual Studio Solution File, Format Version 12.00
# Visual Studio Version 16
VisualStudioVersion = 16.0.30204.135
MinimumVisualStudioVersion = 10.0.40219.1
Project("{9A19103F-16F7-4668-BE54-9A1E7A4F7556}") = "BlazorServer_SPA_With_Dapper", "BlazorServer_SPA_With_Dapper.csproj", "{AF4914D7-2DFE-4605-A89A-724391490F32}"
EndProject
Global
	GlobalSection(SolutionConfigurationPlatforms) = preSolution
		Debug|Any CPU = Debug|Any CPU
		Release|Any CPU = Release|Any CPU
	EndGlobalSection
	GlobalSection(ProjectConfigurationPlatforms) = postSolution
		{AF4914D7-2DFE-4605-A89A-724391490F32}.Debug|Any CPU.ActiveCfg = Debug|Any CPU
		{AF4914D7-2DFE-4605-A89A-724391490F32}.Debug|Any CPU.Build.0 = Debug|Any CPU
		{AF4914D7-2DFE-4605-A89A-724391490F32}.Release|Any CPU.ActiveCfg = Release|Any CPU
		{AF4914D7-2DFE-4605-A89A-724391490F32}.Release|Any CPU.Build.0 = Release|Any CPU
	EndGlobalSection
	GlobalSection(SolutionProperties) = preSolution
		HideSolutionNode = FALSE
	EndGlobalSection
	GlobalSection(ExtensibilityGlobals) = postSolution
		SolutionGuid = {982062B7-BF52-49DD-A9D0-58F9277D5837}
	EndGlobalSection
EndGlobal
